
Microsoft Visual Studio Solution File, Format Version 12.00
# Visual Studio Version 17
VisualStudioVersion = 17.2.32505.173
MinimumVisualStudioVersion = 10.0.40219.1
Project("{FAE04EC0-301F-11D3-BF4B-00C04F79EFBC}") = "IdentityProject", "IdentityProject\IdentityProject.csproj", "{B5BC3F6E-A153-4166-8B18-02FFD44B6B7F}"
EndProject
Project("{FAE04EC0-301F-11D3-BF4B-00C04F79EFBC}") = "Data", "Data\Data.csproj", "{5AD45EA5-D487-433C-9E93-4BB94CF9D4ED}"
EndProject
Project("{FAE04EC0-301F-11D3-BF4B-00C04F79EFBC}") = "Core", "Core\Core.csproj", "{DD295BE2-FCDC-4344-AFF6-D7E12FD76BF7}"
EndProject
Project("{FAE04EC0-301F-11D3-BF4B-00C04F79EFBC}") = "Services", "Services\Services.csproj", "{23297FFA-CF79-446E-8970-370C451D5B45}"
EndProject
Global
	GlobalSection(SolutionConfigurationPlatforms) = preSolution
		Debug|Any CPU = Debug|Any CPU
		Release|Any CPU = Release|Any CPU
	EndGlobalSection
	GlobalSection(ProjectConfigurationPlatforms) = postSolution
		{B5BC3F6E-A153-4166-8B18-02FFD44B6B7F}.Debug|Any CPU.ActiveCfg = Debug|Any CPU
		{B5BC3F6E-A153-4166-8B18-02FFD44B6B7F}.Debug|Any CPU.Build.0 = Debug|Any CPU
		{B5BC3F6E-A153-4166-8B18-02FFD44B6B7F}.Release|Any CPU.ActiveCfg = Release|Any CPU
		{B5BC3F6E-A153-4166-8B18-02FFD44B6B7F}.Release|Any CPU.Build.0 = Release|Any CPU
		{5AD45EA5-D487-433C-9E93-4BB94CF9D4ED}.Debug|Any CPU.ActiveCfg = Debug|Any CPU
		{5AD45EA5-D487-433C-9E93-4BB94CF9D4ED}.Debug|Any CPU.Build.0 = Debug|Any CPU
		{5AD45EA5-D487-433C-9E93-4BB94CF9D4ED}.Release|Any CPU.ActiveCfg = Release|Any CPU
		{5AD45EA5-D487-433C-9E93-4BB94CF9D4ED}.Release|Any CPU.Build.0 = Release|Any CPU
		{DD295BE2-FCDC-4344-AFF6-D7E12FD76BF7}.Debug|Any CPU.ActiveCfg = Debug|Any CPU
		{DD295BE2-FCDC-4344-AFF6-D7E12FD76BF7}.Debug|Any CPU.Build.0 = Debug|Any CPU
		{DD295BE2-FCDC-4344-AFF6-D7E12FD76BF7}.Release|Any CPU.ActiveCfg = Release|Any CPU
		{DD295BE2-FCDC-4344-AFF6-D7E12FD76BF7}.Release|Any CPU.Build.0 = Release|Any CPU
		{23297FFA-CF79-446E-8970-370C451D5B45}.Debug|Any CPU.ActiveCfg = Debug|Any CPU
		{23297FFA-CF79-446E-8970-370C451D5B45}.Debug|Any CPU.Build.0 = Debug|Any CPU
		{23297FFA-CF79-446E-8970-370C451D5B45}.Release|Any CPU.ActiveCfg = Release|Any CPU
		{23297FFA-CF79-446E-8970-370C451D5B45}.Release|Any CPU.Build.0 = Release|Any CPU
	EndGlobalSection
	GlobalSection(SolutionProperties) = preSolution
		HideSolutionNode = FALSE
	EndGlobalSection
	GlobalSection(ExtensibilityGlobals) = postSolution
		SolutionGuid = {F81D403D-68E9-418C-8DFF-6FBB3144AEEE}
	EndGlobalSection
EndGlobal
